{
    "_readme": [
        "This file locks the dependencies of your project to a known state",
        "Read more about it at https://getcomposer.org/doc/01-basic-usage.md#installing-dependencies",
        "This file is @generated automatically"
    ],
    "content-hash": "94e2d79ec89a9fac047af5cdad34177c",
    "packages": [
        {
            "name": "shuchkin/simplexlsx",
            "version": "dev-master",
            "source": {
                "type": "git",
                "url": "https://github.com/shuchkin/simplexlsx.git",
                "reference": "6a11ac8f2ee4b7f10ec2ec96d2c98fb618f2252b"
            },
            "dist": {
                "type": "zip",
                "url": "https://api.github.com/repos/shuchkin/simplexlsx/zipball/6a11ac8f2ee4b7f10ec2ec96d2c98fb618f2252b",
                "reference": "6a11ac8f2ee4b7f10ec2ec96d2c98fb618f2252b",
                "shasum": ""
            },
            "require": {
                "ext-libxml": "*",
                "ext-simplexml": "*",
                "ext-zlib": "*"
            },
            "type": "library",
            "autoload": {
                "classmap": [
                    "src/SimpleXLSX.php"
                ]
            },
            "notification-url": "https://packagist.org/downloads/",
            "license": [
                "MIT"
            ],
            "authors": [
                {
                    "name": "Sergey Shuchkin (SMSPILOT)",
                    "email": "sergey.shuchkin@gmail.com",
                    "homepage": "http://www.shuchkin.ru/"
                }
            ],
            "description": "Parse and retrieve data from Excel XLSx files. MS Excel 2007 workbooks PHP reader.",
            "homepage": "https://github.com/shuchkin/simplexlsx",
            "keywords": [
                "backend",
                "excel",
                "parser",
                "php",
                "xlsx"
            ],
            "time": "2018-11-14T16:36:12+00:00"
        }
    ],
    "packages-dev": [],
    "aliases": [],
    "minimum-stability": "stable",
    "stability-flags": {
        "shuchkin/simplexlsx": 20
    },
    "prefer-stable": false,
    "prefer-lowest": false,
    "platform": [],
    "platform-dev": []
}
